
Microsoft Visual Studio Solution File, Format Version 12.00
# Visual Studio Version 17
VisualStudioVersion = 17.14.36401.2
MinimumVisualStudioVersion = 10.0.40219.1
Project("{FE7A1B72-C5B7-4D7C-BB7D-76384D4DE8E1}") = "Rackfeeder_HMI", "Rackfeeder_HMI.hmiproj", "{DE5B461D-814C-4B4D-A6F6-C9A57365AB94}"
EndProject
Project("{3B740506-4966-4147-AB1F-357FE08946EA}") = "FrameworkPrj1", "..\plygrd-vbhIII\FrameworkPrj1\FrameworkPrj1\FrameworkPrj1.hmiextproj", "{B29C1AA5-7D8D-46B7-A8A3-3DC3A866BE7B}"
EndProject
Global
	GlobalSection(SolutionConfigurationPlatforms) = preSolution
		Debug|TwinCAT HMI = Debug|TwinCAT HMI
		Release|TwinCAT HMI = Release|TwinCAT HMI
	EndGlobalSection
	GlobalSection(ProjectConfigurationPlatforms) = postSolution
		{DE5B461D-814C-4B4D-A6F6-C9A57365AB94}.Debug|TwinCAT HMI.ActiveCfg = Debug|TwinCAT HMI
		{DE5B461D-814C-4B4D-A6F6-C9A57365AB94}.Debug|TwinCAT HMI.Build.0 = Debug|TwinCAT HMI
		{DE5B461D-814C-4B4D-A6F6-C9A57365AB94}.Release|TwinCAT HMI.ActiveCfg = Release|TwinCAT HMI
		{DE5B461D-814C-4B4D-A6F6-C9A57365AB94}.Release|TwinCAT HMI.Build.0 = Release|TwinCAT HMI
		{B29C1AA5-7D8D-46B7-A8A3-3DC3A866BE7B}.Debug|TwinCAT HMI.ActiveCfg = Debug|TwinCAT HMI
		{B29C1AA5-7D8D-46B7-A8A3-3DC3A866BE7B}.Debug|TwinCAT HMI.Build.0 = Debug|TwinCAT HMI
		{B29C1AA5-7D8D-46B7-A8A3-3DC3A866BE7B}.Release|TwinCAT HMI.ActiveCfg = Release|TwinCAT HMI
		{B29C1AA5-7D8D-46B7-A8A3-3DC3A866BE7B}.Release|TwinCAT HMI.Build.0 = Release|TwinCAT HMI
	EndGlobalSection
	GlobalSection(SolutionProperties) = preSolution
		HideSolutionNode = FALSE
	EndGlobalSection
	GlobalSection(ExtensibilityGlobals) = postSolution
		SolutionGuid = {D40A03F1-9D76-4261-9DA2-C4C1650F81F7}
	EndGlobalSection
EndGlobal
